
Microsoft Visual Studio Solution File, Format Version 12.00
# Visual Studio 15
VisualStudioVersion = 15.0.27130.2024
MinimumVisualStudioVersion = 10.0.40219.1
Project("{FAE04EC0-301F-11D3-BF4B-00C04F79EFBC}") = "WindowsProc", "WindowsProc\WindowsProc.csproj", "{127DDCA8-E092-442F-829B-D391853F0488}"
EndProject
Global
	GlobalSection(SolutionConfigurationPlatforms) = preSolution
		Debug|Any CPU = Debug|Any CPU
		Release|Any CPU = Release|Any CPU
	EndGlobalSection
	GlobalSection(ProjectConfigurationPlatforms) = postSolution
		{127DDCA8-E092-442F-829B-D391853F0488}.Debug|Any CPU.ActiveCfg = Debug|Any CPU
		{127DDCA8-E092-442F-829B-D391853F0488}.Debug|Any CPU.Build.0 = Debug|Any CPU
		{127DDCA8-E092-442F-829B-D391853F0488}.Release|Any CPU.ActiveCfg = Release|Any CPU
		{127DDCA8-E092-442F-829B-D391853F0488}.Release|Any CPU.Build.0 = Release|Any CPU
	EndGlobalSection
	GlobalSection(SolutionProperties) = preSolution
		HideSolutionNode = FALSE
	EndGlobalSection
	GlobalSection(ExtensibilityGlobals) = postSolution
		SolutionGuid = {6C60411B-FA42-4210-8EAE-0D9554264CA4}
	EndGlobalSection
EndGlobal
